
Microsoft Visual Studio Solution File, Format Version 12.00
# Visual Studio 14
VisualStudioVersion = 14.0.24720.0
MinimumVisualStudioVersion = 10.0.40219.1
Project("{FAE04EC0-301F-11D3-BF4B-00C04F79EFBC}") = "Websockets", "Websockets\Websockets.csproj", "{1A23D79E-7A64-450C-960C-4848B0149E3D}"
EndProject
Project("{2150E333-8FDC-42A3-9474-1A3956D46DE8}") = "Examples", "Examples", "{89FCBC70-8FE3-4D05-907C-CAA5D38C78DF}"
EndProject
Project("{FAE04EC0-301F-11D3-BF4B-00C04F79EFBC}") = "Websockets.Droid", "Websockets.Droid\Websockets.Droid.csproj", "{0A65C595-9E17-487C-A880-A11DA9751D89}"
EndProject
Project("{FAE04EC0-301F-11D3-BF4B-00C04F79EFBC}") = "Websockets.DroidTests", "Websockets.DroidTests\Websockets.DroidTests.csproj", "{7C64EC65-DF3D-4F46-9E04-D1B67E8AED8D}"
EndProject
Project("{FAE04EC0-301F-11D3-BF4B-00C04F79EFBC}") = "Websockets.Ios", "Websockets.Ios\Websockets.Ios.csproj", "{DD8C01F3-188F-40E5-B8B1-62DB48C1847F}"
EndProject
Project("{FAE04EC0-301F-11D3-BF4B-00C04F79EFBC}") = "Websockets.Net", "Websockets.Net\Websockets.Net.csproj", "{61331F41-683A-4A68-AD09-368ADBA677B7}"
EndProject
Project("{2150E333-8FDC-42A3-9474-1A3956D46DE8}") = "Platforms", "Platforms", "{BA10C88F-546D-4308-AF6B-909B7AD2DAE0}"
EndProject
Project("{FAE04EC0-301F-11D3-BF4B-00C04F79EFBC}") = "Websockets.Universal", "Websockets.Universal\Websockets.Universal.csproj", "{DFC828FF-1AC8-461F-8663-BE680E075B90}"
EndProject
Global
	GlobalSection(SolutionConfigurationPlatforms) = preSolution
		AppStore|Any CPU = AppStore|Any CPU
		AppStore|ARM = AppStore|ARM
		AppStore|x64 = AppStore|x64
		AppStore|x86 = AppStore|x86
		Debug|Any CPU = Debug|Any CPU
		Debug|ARM = Debug|ARM
		Debug|x64 = Debug|x64
		Debug|x86 = Debug|x86
		Release|Any CPU = Release|Any CPU
		Release|ARM = Release|ARM
		Release|x64 = Release|x64
		Release|x86 = Release|x86
	EndGlobalSection
	GlobalSection(ProjectConfigurationPlatforms) = postSolution
		{1A23D79E-7A64-450C-960C-4848B0149E3D}.AppStore|Any CPU.ActiveCfg = Release|Any CPU
		{1A23D79E-7A64-450C-960C-4848B0149E3D}.AppStore|Any CPU.Build.0 = Release|Any CPU
		{1A23D79E-7A64-450C-960C-4848B0149E3D}.AppStore|ARM.ActiveCfg = Release|Any CPU
		{1A23D79E-7A64-450C-960C-4848B0149E3D}.AppStore|ARM.Build.0 = Release|Any CPU
		{1A23D79E-7A64-450C-960C-4848B0149E3D}.AppStore|x64.ActiveCfg = Release|Any CPU
		{1A23D79E-7A64-450C-960C-4848B0149E3D}.AppStore|x64.Build.0 = Release|Any CPU
		{1A23D79E-7A64-450C-960C-4848B0149E3D}.AppStore|x86.ActiveCfg = Release|Any CPU
		{1A23D79E-7A64-450C-960C-4848B0149E3D}.AppStore|x86.Build.0 = Release|Any CPU
		{1A23D79E-7A64-450C-960C-4848B0149E3D}.Debug|Any CPU.ActiveCfg = Debug|Any CPU
		{1A23D79E-7A64-450C-960C-4848B0149E3D}.Debug|Any CPU.Build.0 = Debug|Any CPU
		{1A23D79E-7A64-450C-960C-4848B0149E3D}.Debug|ARM.ActiveCfg = Debug|Any CPU
		{1A23D79E-7A64-450C-960C-4848B0149E3D}.Debug|ARM.Build.0 = Debug|Any CPU
		{1A23D79E-7A64-450C-960C-4848B0149E3D}.Debug|x64.ActiveCfg = Debug|Any CPU
		{1A23D79E-7A64-450C-960C-4848B0149E3D}.Debug|x64.Build.0 = Debug|Any CPU
		{1A23D79E-7A64-450C-960C-4848B0149E3D}.Debug|x86.ActiveCfg = Debug|Any CPU
		{1A23D79E-7A64-450C-960C-4848B0149E3D}.Debug|x86.Build.0 = Debug|Any CPU
		{1A23D79E-7A64-450C-960C-4848B0149E3D}.Release|Any CPU.ActiveCfg = Release|Any CPU
		{1A23D79E-7A64-450C-960C-4848B0149E3D}.Release|Any CPU.Build.0 = Release|Any CPU
		{1A23D79E-7A64-450C-960C-4848B0149E3D}.Release|ARM.ActiveCfg = Release|Any CPU
		{1A23D79E-7A64-450C-960C-4848B0149E3D}.Release|ARM.Build.0 = Release|Any CPU
		{1A23D79E-7A64-450C-960C-4848B0149E3D}.Release|x64.ActiveCfg = Release|Any CPU
		{1A23D79E-7A64-450C-960C-4848B0149E3D}.Release|x64.Build.0 = Release|Any CPU
		{1A23D79E-7A64-450C-960C-4848B0149E3D}.Release|x86.ActiveCfg = Release|Any CPU
		{1A23D79E-7A64-450C-960C-4848B0149E3D}.Release|x86.Build.0 = Release|Any CPU
		{0A65C595-9E17-487C-A880-A11DA9751D89}.AppStore|Any CPU.ActiveCfg = Release|Any CPU
		{0A65C595-9E17-487C-A880-A11DA9751D89}.AppStore|Any CPU.Build.0 = Release|Any CPU
		{0A65C595-9E17-487C-A880-A11DA9751D89}.AppStore|ARM.ActiveCfg = Release|Any CPU
		{0A65C595-9E17-487C-A880-A11DA9751D89}.AppStore|ARM.Build.0 = Release|Any CPU
		{0A65C595-9E17-487C-A880-A11DA9751D89}.AppStore|x64.ActiveCfg = Release|Any CPU
		{0A65C595-9E17-487C-A880-A11DA9751D89}.AppStore|x64.Build.0 = Release|Any CPU
		{0A65C595-9E17-487C-A880-A11DA9751D89}.AppStore|x86.ActiveCfg = Release|Any CPU
		{0A65C595-9E17-487C-A880-A11DA9751D89}.AppStore|x86.Build.0 = Release|Any CPU
		{0A65C595-9E17-487C-A880-A11DA9751D89}.Debug|Any CPU.ActiveCfg = Debug|Any CPU
		{0A65C595-9E17-487C-A880-A11DA9751D89}.Debug|Any CPU.Build.0 = Debug|Any CPU
		{0A65C595-9E17-487C-A880-A11DA9751D89}.Debug|ARM.ActiveCfg = Debug|Any CPU
		{0A65C595-9E17-487C-A880-A11DA9751D89}.Debug|ARM.Build.0 = Debug|Any CPU
		{0A65C595-9E17-487C-A880-A11DA9751D89}.Debug|x64.ActiveCfg = Debug|Any CPU
		{0A65C595-9E17-487C-A880-A11DA9751D89}.Debug|x64.Build.0 = Debug|Any CPU
		{0A65C595-9E17-487C-A880-A11DA9751D89}.Debug|x86.ActiveCfg = Debug|Any CPU
		{0A65C595-9E17-487C-A880-A11DA9751D89}.Debug|x86.Build.0 = Debug|Any CPU
		{0A65C595-9E17-487C-A880-A11DA9751D89}.Release|Any CPU.ActiveCfg = Release|Any CPU
		{0A65C595-9E17-487C-A880-A11DA9751D89}.Release|Any CPU.Build.0 = Release|Any CPU
		{0A65C595-9E17-487C-A880-A11DA9751D89}.Release|ARM.ActiveCfg = Release|Any CPU
		{0A65C595-9E17-487C-A880-A11DA9751D89}.Release|ARM.Build.0 = Release|Any CPU
		{0A65C595-9E17-487C-A880-A11DA9751D89}.Release|x64.ActiveCfg = Release|Any CPU
		{0A65C595-9E17-487C-A880-A11DA9751D89}.Release|x64.Build.0 = Release|Any CPU
		{0A65C595-9E17-487C-A880-A11DA9751D89}.Release|x86.ActiveCfg = Release|Any CPU
		{0A65C595-9E17-487C-A880-A11DA9751D89}.Release|x86.Build.0 = Release|Any CPU
		{7C64EC65-DF3D-4F46-9E04-D1B67E8AED8D}.AppStore|Any CPU.ActiveCfg = Release|Any CPU
		{7C64EC65-DF3D-4F46-9E04-D1B67E8AED8D}.AppStore|Any CPU.Build.0 = Release|Any CPU
		{7C64EC65-DF3D-4F46-9E04-D1B67E8AED8D}.AppStore|Any CPU.Deploy.0 = Release|Any CPU
		{7C64EC65-DF3D-4F46-9E04-D1B67E8AED8D}.AppStore|ARM.ActiveCfg = Release|Any CPU
		{7C64EC65-DF3D-4F46-9E04-D1B67E8AED8D}.AppStore|ARM.Build.0 = Release|Any CPU
		{7C64EC65-DF3D-4F46-9E04-D1B67E8AED8D}.AppStore|ARM.Deploy.0 = Release|Any CPU
		{7C64EC65-DF3D-4F46-9E04-D1B67E8AED8D}.AppStore|x64.ActiveCfg = Release|Any CPU
		{7C64EC65-DF3D-4F46-9E04-D1B67E8AED8D}.AppStore|x64.Build.0 = Release|Any CPU
		{7C64EC65-DF3D-4F46-9E04-D1B67E8AED8D}.AppStore|x64.Deploy.0 = Release|Any CPU
		{7C64EC65-DF3D-4F46-9E04-D1B67E8AED8D}.AppStore|x86.ActiveCfg = Release|Any CPU
		{7C64EC65-DF3D-4F46-9E04-D1B67E8AED8D}.AppStore|x86.Build.0 = Release|Any CPU
		{7C64EC65-DF3D-4F46-9E04-D1B67E8AED8D}.AppStore|x86.Deploy.0 = Release|Any CPU
		{7C64EC65-DF3D-4F46-9E04-D1B67E8AED8D}.Debug|Any CPU.ActiveCfg = Debug|Any CPU
		{7C64EC65-DF3D-4F46-9E04-D1B67E8AED8D}.Debug|Any CPU.Build.0 = Debug|Any CPU
		{7C64EC65-DF3D-4F46-9E04-D1B67E8AED8D}.Debug|Any CPU.Deploy.0 = Debug|Any CPU
		{7C64EC65-DF3D-4F46-9E04-D1B67E8AED8D}.Debug|ARM.ActiveCfg = Debug|Any CPU
		{7C64EC65-DF3D-4F46-9E04-D1B67E8AED8D}.Debug|ARM.Build.0 = Debug|Any CPU
		{7C64EC65-DF3D-4F46-9E04-D1B67E8AED8D}.Debug|ARM.Deploy.0 = Debug|Any CPU
		{7C64EC65-DF3D-4F46-9E04-D1B67E8AED8D}.Debug|x64.ActiveCfg = Debug|Any CPU
		{7C64EC65-DF3D-4F46-9E04-D1B67E8AED8D}.Debug|x64.Build.0 = Debug|Any CPU
		{7C64EC65-DF3D-4F46-9E04-D1B67E8AED8D}.Debug|x64.Deploy.0 = Debug|Any CPU
		{7C64EC65-DF3D-4F46-9E04-D1B67E8AED8D}.Debug|x86.ActiveCfg = Debug|Any CPU
		{7C64EC65-DF3D-4F46-9E04-D1B67E8AED8D}.Debug|x86.Build.0 = Debug|Any CPU
		{7C64EC65-DF3D-4F46-9E04-D1B67E8AED8D}.Debug|x86.Deploy.0 = Debug|Any CPU
		{7C64EC65-DF3D-4F46-9E04-D1B67E8AED8D}.Release|Any CPU.ActiveCfg = Release|Any CPU
		{7C64EC65-DF3D-4F46-9E04-D1B67E8AED8D}.Release|Any CPU.Build.0 = Release|Any CPU
		{7C64EC65-DF3D-4F46-9E04-D1B67E8AED8D}.Release|Any CPU.Deploy.0 = Release|Any CPU
		{7C64EC65-DF3D-4F46-9E04-D1B67E8AED8D}.Release|ARM.ActiveCfg = Release|Any CPU
		{7C64EC65-DF3D-4F46-9E04-D1B67E8AED8D}.Release|ARM.Build.0 = Release|Any CPU
		{7C64EC65-DF3D-4F46-9E04-D1B67E8AED8D}.Release|ARM.Deploy.0 = Release|Any CPU
		{7C64EC65-DF3D-4F46-9E04-D1B67E8AED8D}.Release|x64.ActiveCfg = Release|Any CPU
		{7C64EC65-DF3D-4F46-9E04-D1B67E8AED8D}.Release|x64.Build.0 = Release|Any CPU
		{7C64EC65-DF3D-4F46-9E04-D1B67E8AED8D}.Release|x64.Deploy.0 = Release|Any CPU
		{7C64EC65-DF3D-4F46-9E04-D1B67E8AED8D}.Release|x86.ActiveCfg = Release|Any CPU
		{7C64EC65-DF3D-4F46-9E04-D1B67E8AED8D}.Release|x86.Build.0 = Release|Any CPU
		{7C64EC65-DF3D-4F46-9E04-D1B67E8AED8D}.Release|x86.Deploy.0 = Release|Any CPU
		{DD8C01F3-188F-40E5-B8B1-62DB48C1847F}.AppStore|Any CPU.ActiveCfg = AppStore|Any CPU
		{DD8C01F3-188F-40E5-B8B1-62DB48C1847F}.AppStore|Any CPU.Build.0 = AppStore|Any CPU
		{DD8C01F3-188F-40E5-B8B1-62DB48C1847F}.AppStore|ARM.ActiveCfg = AppStore|Any CPU
		{DD8C01F3-188F-40E5-B8B1-62DB48C1847F}.AppStore|ARM.Build.0 = AppStore|Any CPU
		{DD8C01F3-188F-40E5-B8B1-62DB48C1847F}.AppStore|x64.ActiveCfg = AppStore|Any CPU
		{DD8C01F3-188F-40E5-B8B1-62DB48C1847F}.AppStore|x64.Build.0 = AppStore|Any CPU
		{DD8C01F3-188F-40E5-B8B1-62DB48C1847F}.AppStore|x86.ActiveCfg = AppStore|Any CPU
		{DD8C01F3-188F-40E5-B8B1-62DB48C1847F}.AppStore|x86.Build.0 = AppStore|Any CPU
		{DD8C01F3-188F-40E5-B8B1-62DB48C1847F}.Debug|Any CPU.ActiveCfg = Debug|Any CPU
		{DD8C01F3-188F-40E5-B8B1-62DB48C1847F}.Debug|Any CPU.Build.0 = Debug|Any CPU
		{DD8C01F3-188F-40E5-B8B1-62DB48C1847F}.Debug|ARM.ActiveCfg = Debug|Any CPU
		{DD8C01F3-188F-40E5-B8B1-62DB48C1847F}.Debug|ARM.Build.0 = Debug|Any CPU
		{DD8C01F3-188F-40E5-B8B1-62DB48C1847F}.Debug|x64.ActiveCfg = Debug|Any CPU
		{DD8C01F3-188F-40E5-B8B1-62DB48C1847F}.Debug|x64.Build.0 = Debug|Any CPU
		{DD8C01F3-188F-40E5-B8B1-62DB48C1847F}.Debug|x86.ActiveCfg = Debug|Any CPU
		{DD8C01F3-188F-40E5-B8B1-62DB48C1847F}.Debug|x86.Build.0 = Debug|Any CPU
		{DD8C01F3-188F-40E5-B8B1-62DB48C1847F}.Release|Any CPU.ActiveCfg = Release|Any CPU
		{DD8C01F3-188F-40E5-B8B1-62DB48C1847F}.Release|Any CPU.Build.0 = Release|Any CPU
		{DD8C01F3-188F-40E5-B8B1-62DB48C1847F}.Release|ARM.ActiveCfg = Release|Any CPU
		{DD8C01F3-188F-40E5-B8B1-62DB48C1847F}.Release|ARM.Build.0 = Release|Any CPU
		{DD8C01F3-188F-40E5-B8B1-62DB48C1847F}.Release|x64.ActiveCfg = Release|Any CPU
		{DD8C01F3-188F-40E5-B8B1-62DB48C1847F}.Release|x64.Build.0 = Release|Any CPU
		{DD8C01F3-188F-40E5-B8B1-62DB48C1847F}.Release|x86.ActiveCfg = Release|Any CPU
		{DD8C01F3-188F-40E5-B8B1-62DB48C1847F}.Release|x86.Build.0 = Release|Any CPU
		{61331F41-683A-4A68-AD09-368ADBA677B7}.AppStore|Any CPU.ActiveCfg = Release|Any CPU
		{61331F41-683A-4A68-AD09-368ADBA677B7}.AppStore|Any CPU.Build.0 = Release|Any CPU
		{61331F41-683A-4A68-AD09-368ADBA677B7}.AppStore|ARM.ActiveCfg = Release|Any CPU
		{61331F41-683A-4A68-AD09-368ADBA677B7}.AppStore|ARM.Build.0 = Release|Any CPU
		{61331F41-683A-4A68-AD09-368ADBA677B7}.AppStore|x64.ActiveCfg = Release|Any CPU
		{61331F41-683A-4A68-AD09-368ADBA677B7}.AppStore|x64.Build.0 = Release|Any CPU
		{61331F41-683A-4A68-AD09-368ADBA677B7}.AppStore|x86.ActiveCfg = Release|Any CPU
		{61331F41-683A-4A68-AD09-368ADBA677B7}.AppStore|x86.Build.0 = Release|Any CPU
		{61331F41-683A-4A68-AD09-368ADBA677B7}.Debug|Any CPU.ActiveCfg = Debug|Any CPU
		{61331F41-683A-4A68-AD09-368ADBA677B7}.Debug|Any CPU.Build.0 = Debug|Any CPU
		{61331F41-683A-4A68-AD09-368ADBA677B7}.Debug|ARM.ActiveCfg = Debug|Any CPU
		{61331F41-683A-4A68-AD09-368ADBA677B7}.Debug|ARM.Build.0 = Debug|Any CPU
		{61331F41-683A-4A68-AD09-368ADBA677B7}.Debug|x64.ActiveCfg = Debug|Any CPU
		{61331F41-683A-4A68-AD09-368ADBA677B7}.Debug|x64.Build.0 = Debug|Any CPU
		{61331F41-683A-4A68-AD09-368ADBA677B7}.Debug|x86.ActiveCfg = Debug|Any CPU
		{61331F41-683A-4A68-AD09-368ADBA677B7}.Debug|x86.Build.0 = Debug|Any CPU
		{61331F41-683A-4A68-AD09-368ADBA677B7}.Release|Any CPU.ActiveCfg = Release|Any CPU
		{61331F41-683A-4A68-AD09-368ADBA677B7}.Release|Any CPU.Build.0 = Release|Any CPU
		{61331F41-683A-4A68-AD09-368ADBA677B7}.Release|ARM.ActiveCfg = Release|Any CPU
		{61331F41-683A-4A68-AD09-368ADBA677B7}.Release|ARM.Build.0 = Release|Any CPU
		{61331F41-683A-4A68-AD09-368ADBA677B7}.Release|x64.ActiveCfg = Release|Any CPU
		{61331F41-683A-4A68-AD09-368ADBA677B7}.Release|x64.Build.0 = Release|Any CPU
		{61331F41-683A-4A68-AD09-368ADBA677B7}.Release|x86.ActiveCfg = Release|Any CPU
		{61331F41-683A-4A68-AD09-368ADBA677B7}.Release|x86.Build.0 = Release|Any CPU
		{DFC828FF-1AC8-461F-8663-BE680E075B90}.AppStore|Any CPU.ActiveCfg = Release|Any CPU
		{DFC828FF-1AC8-461F-8663-BE680E075B90}.AppStore|Any CPU.Build.0 = Release|Any CPU
		{DFC828FF-1AC8-461F-8663-BE680E075B90}.AppStore|ARM.ActiveCfg = Release|ARM
		{DFC828FF-1AC8-461F-8663-BE680E075B90}.AppStore|ARM.Build.0 = Release|ARM
		{DFC828FF-1AC8-461F-8663-BE680E075B90}.AppStore|x64.ActiveCfg = Release|x64
		{DFC828FF-1AC8-461F-8663-BE680E075B90}.AppStore|x64.Build.0 = Release|x64
		{DFC828FF-1AC8-461F-8663-BE680E075B90}.AppStore|x86.ActiveCfg = Release|x86
		{DFC828FF-1AC8-461F-8663-BE680E075B90}.AppStore|x86.Build.0 = Release|x86
		{DFC828FF-1AC8-461F-8663-BE680E075B90}.Debug|Any CPU.ActiveCfg = Debug|Any CPU
		{DFC828FF-1AC8-461F-8663-BE680E075B90}.Debug|Any CPU.Build.0 = Debug|Any CPU
		{DFC828FF-1AC8-461F-8663-BE680E075B90}.Debug|ARM.ActiveCfg = Debug|ARM
		{DFC828FF-1AC8-461F-8663-BE680E075B90}.Debug|ARM.Build.0 = Debug|ARM
		{DFC828FF-1AC8-461F-8663-BE680E075B90}.Debug|x64.ActiveCfg = Debug|x64
		{DFC828FF-1AC8-461F-8663-BE680E075B90}.Debug|x64.Build.0 = Debug|x64
		{DFC828FF-1AC8-461F-8663-BE680E075B90}.Debug|x86.ActiveCfg = Debug|x86
		{DFC828FF-1AC8-461F-8663-BE680E075B90}.Debug|x86.Build.0 = Debug|x86
		{DFC828FF-1AC8-461F-8663-BE680E075B90}.Release|Any CPU.ActiveCfg = Release|Any CPU
		{DFC828FF-1AC8-461F-8663-BE680E075B90}.Release|Any CPU.Build.0 = Release|Any CPU
		{DFC828FF-1AC8-461F-8663-BE680E075B90}.Release|ARM.ActiveCfg = Release|ARM
		{DFC828FF-1AC8-461F-8663-BE680E075B90}.Release|ARM.Build.0 = Release|ARM
		{DFC828FF-1AC8-461F-8663-BE680E075B90}.Release|x64.ActiveCfg = Release|x64
		{DFC828FF-1AC8-461F-8663-BE680E075B90}.Release|x64.Build.0 = Release|x64
		{DFC828FF-1AC8-461F-8663-BE680E075B90}.Release|x86.ActiveCfg = Release|x86
		{DFC828FF-1AC8-461F-8663-BE680E075B90}.Release|x86.Build.0 = Release|x86
	EndGlobalSection
	GlobalSection(SolutionProperties) = preSolution
		HideSolutionNode = FALSE
	EndGlobalSection
	GlobalSection(NestedProjects) = preSolution
		{0A65C595-9E17-487C-A880-A11DA9751D89} = {BA10C88F-546D-4308-AF6B-909B7AD2DAE0}
		{7C64EC65-DF3D-4F46-9E04-D1B67E8AED8D} = {89FCBC70-8FE3-4D05-907C-CAA5D38C78DF}
		{DD8C01F3-188F-40E5-B8B1-62DB48C1847F} = {BA10C88F-546D-4308-AF6B-909B7AD2DAE0}
		{61331F41-683A-4A68-AD09-368ADBA677B7} = {BA10C88F-546D-4308-AF6B-909B7AD2DAE0}
		{DFC828FF-1AC8-461F-8663-BE680E075B90} = {BA10C88F-546D-4308-AF6B-909B7AD2DAE0}
	EndGlobalSection
EndGlobal
